PODS:
  - Alamofire (4.8.2)
  - BetterSegmentedControl (1.0.3)
  - Charts (3.3.0):
    - Charts/Core (= 3.3.0)
  - Charts/Core (3.3.0)
  - CRRefresh (1.1.3)
  - DynamicBlurView (3.0.1)
  - FanMenu (0.7.3):
    - Macaw
  - GuillotineMenu (4.0)
  - InfiniteCarouselCollectionView (0.1.0)
  - IQKeyboardManager (6.3.0)
  - Kingfisher (5.4.0)
  - Macaw (0.9.5):
    - SWXMLHash
  - MBRadioCheckboxButton (2.0)
  - PopupDialog (1.1.0):
    - DynamicBlurView (~> 3.0.1)
  - SHSearchBar (1.7.0)
  - SideMenu (5.0.3)
  - SkyFloatingLabelTextField (3.7.0)
  - SwiftSoup (2.0.0)
  - SwiftyJSON (4.3.0)
  - SwiftyStoreKit (0.15.0)
  - SWXMLHash (4.9.0)
  - UICircularProgressRing (6.1.0)
  - UIEmptyState (4.0.1)

DEPENDENCIES:
  - Alamofire
  - BetterSegmentedControl (~> 1.0)
  - Charts
  - CRRefresh
  - FanMenu
  - GuillotineMenu
  - InfiniteCarouselCollectionView
  - IQKeyboardManager
  - Kingfisher (~> 5.0)
  - MBRadioCheckboxButton
  - PopupDialog
  - SHSearchBar
  - SideMenu
  - SkyFloatingLabelTextField (~> 3.0)
  - SwiftSoup
  - SwiftyJSON (~> 4.0)
  - SwiftyStoreKit
  - UICircularProgressRing
  - UIEmptyState

SPEC REPOS:
  https://github.com/cocoapods/specs.git:
    - Alamofire
    - BetterSegmentedControl
    - Charts
    - CRRefresh
    - DynamicBlurView
    - FanMenu
    - GuillotineMenu
    - InfiniteCarouselCollectionView
    - IQKeyboardManager
    - Kingfisher
    - Macaw
    - MBRadioCheckboxButton
    - PopupDialog
    - SHSearchBar
    - SideMenu
    - SkyFloatingLabelTextField
    - SwiftSoup
    - SwiftyJSON
    - SwiftyStoreKit
    - SWXMLHash
    - UICircularProgressRing
    - UIEmptyState

SPEC CHECKSUMS:
  Alamofire: ae5c501addb7afdbb13687d7f2f722c78734c2d3
  BetterSegmentedControl: 4e3bd0bd517b0f6077c9e17f5663a01cff48e2c5
  Charts: ec1f57f9340054155691e84d4544a1d239d382c5
  CRRefresh: 1415d4ae06837fa7bb064c44f2e102f3ef517044
  DynamicBlurView: b1df5415f9bd31897549e5d7077e5ec120a4d636
  FanMenu: 44d06d35b0382daf6b6aaf78b57a7b9693fbb6e7
  GuillotineMenu: 1345cc8c76e09c46b4096f37cf0cacfaee19e211
  InfiniteCarouselCollectionView: da2d58472c7563ef3331718e83f58cb1bf3b9a8d
  IQKeyboardManager: 2ca9d64893247556f53523dcd8d78641f0ba7c23
  Kingfisher: 9c8f2cc6710334e06f32ba2b45e77707d5e2f0c9
  Macaw: 10bf9e327cb75f24e3225d5229a80ed544df85f0
  MBRadioCheckboxButton: 6e2a2cdc441e292e45b64c4e65eb8fc1fc05eef2
  PopupDialog: 42fb7a0bc4fafdf89fef8b5b2b127a6023f3e1cc
  SHSearchBar: 9fcc9daff8a3264386b975961de6c485f33439d4
  SideMenu: 1dcaabce84538c53325c287f7fe62999379a641c
  SkyFloatingLabelTextField: 4b46db0ab1ccde0919cded29c656e6b4805eda04
  SwiftSoup: 4fe21f65cdbfa3a40559047016b7962b88d29279
  SwiftyJSON: 6faa0040f8b59dead0ee07436cbf76b73c08fd08
  SwiftyStoreKit: 033d06b6f87955405d3f844a18a7687c2438592a
  SWXMLHash: 87b0006848a548b7f9485b40bc71721b3ae39add
  UICircularProgressRing: b3eba859a515e4d9d38503eec913f09c28450785
  UIEmptyState: 767376694d9402452fb3c0a5a5283176c6a53c92

PODFILE CHECKSUM: 4b97c405cc42b4a136ca5530f5bd878562fb05b3

COCOAPODS: 1.5.3
